{
  "name": "fe-padi",
  "lockfileVersion": 3,
  "requires": true,
  "packages": {
    "": {
      "dependencies": {
        "commit-automation-script": "^1.0.1"
      }
    },
    "node_modules/commit-automation-script": {
      "version": "1.0.1",
      "resolved": "https://registry.npmjs.org/commit-automation-script/-/commit-automation-script-1.0.1.tgz",
      "integrity": "sha512-3aV/e6ubLXX6tJy1G1zYMnYAeqzsMBUMs7iPQD2TZqeh0dLpuq5Vec4ci7FzgnHCurEY79J/IBoNbyo13v6CXg==",
      "hasInstallScript": true,
      "license": "MIT"
    }
  }
}
